
Microsoft Visual Studio Solution File, Format Version 12.00
# Visual Studio Version 17
VisualStudioVersion = 17.8.34511.84
MinimumVisualStudioVersion = 10.0.40219.1
Project("{FAE04EC0-301F-11D3-BF4B-00C04F79EFBC}") = "TextEditor", "TextEditor\TextEditor.csproj", "{986ABD10-86B9-4AD7-A4DF-93C12F084AA5}"
EndProject
Global
	GlobalSection(SolutionConfigurationPlatforms) = preSolution
		Debug|Any CPU = Debug|Any CPU
		Release|Any CPU = Release|Any CPU
	EndGlobalSection
	GlobalSection(ProjectConfigurationPlatforms) = postSolution
		{986ABD10-86B9-4AD7-A4DF-93C12F084AA5}.Debug|Any CPU.ActiveCfg = Debug|Any CPU
		{986ABD10-86B9-4AD7-A4DF-93C12F084AA5}.Debug|Any CPU.Build.0 = Debug|Any CPU
		{986ABD10-86B9-4AD7-A4DF-93C12F084AA5}.Release|Any CPU.ActiveCfg = Release|Any CPU
		{986ABD10-86B9-4AD7-A4DF-93C12F084AA5}.Release|Any CPU.Build.0 = Release|Any CPU
	EndGlobalSection
	GlobalSection(SolutionProperties) = preSolution
		HideSolutionNode = FALSE
	EndGlobalSection
	GlobalSection(ExtensibilityGlobals) = postSolution
		SolutionGuid = {C4C8337A-93CE-4795-83F4-E5676596F0E8}
	EndGlobalSection
EndGlobal
